
Microsoft Visual Studio Solution File, Format Version 12.00
# Visual Studio 15
VisualStudioVersion = 15.0.27703.2047
MinimumVisualStudioVersion = 10.0.40219.1
Project("{FAE04EC0-301F-11D3-BF4B-00C04F79EFBC}") = "LiveState", "LiveState\LiveState.csproj", "{DA861406-9FE5-4497-9E7C-E86C819C84C5}"
EndProject
Global
	GlobalSection(SolutionConfigurationPlatforms) = preSolution
		Debug|Any CPU = Debug|Any CPU
		Release|Any CPU = Release|Any CPU
	EndGlobalSection
	GlobalSection(ProjectConfigurationPlatforms) = postSolution
		{DA861406-9FE5-4497-9E7C-E86C819C84C5}.Debug|Any CPU.ActiveCfg = Debug|Any CPU
		{DA861406-9FE5-4497-9E7C-E86C819C84C5}.Debug|Any CPU.Build.0 = Debug|Any CPU
		{DA861406-9FE5-4497-9E7C-E86C819C84C5}.Release|Any CPU.ActiveCfg = Release|Any CPU
		{DA861406-9FE5-4497-9E7C-E86C819C84C5}.Release|Any CPU.Build.0 = Release|Any CPU
	EndGlobalSection
	GlobalSection(SolutionProperties) = preSolution
		HideSolutionNode = FALSE
	EndGlobalSection
	GlobalSection(ExtensibilityGlobals) = postSolution
		SolutionGuid = {17F2DC2C-0524-4347-BEB0-9F0E74C12789}
	EndGlobalSection
EndGlobal
